// !$*UTF8*$!
{
	archiveVersion = 1;
	classes = {
	};
	objectVersion = 77;
	objects = {

/* Begin PBXBuildFile section */
		37BB87EC2F7FA3E200955D92 /* Player.framework in Frameworks */ = {isa = PBXBuildFile; fileRef = 37BB87EB2F7FA3E200955D92 /* Player.framework */; };
		6128C5442F9E4C7D00042206 /* ContentView.swift in Sources */ = {isa = PBXBuildFile; fileRef = 6128C53E2F9E4C7D00042206 /* ContentView.swift */; };
		6128C5452F9E4C7D00042206 /* ProfileHeaderView.swift in Sources */ = {isa = PBXBuildFile; fileRef = 6128C52A2F9E4C7D00042206 /* ProfileHeaderView.swift */; };
		6128C5462F9E4C7D00042206 /* ProfileView.swift in Sources */ = {isa = PBXBuildFile; fileRef = 6128C52D2F9E4C7D00042206 /* ProfileView.swift */; };
		6128C5472F9E4C7D00042206 /* TopNavigationBarView.swift in Sources */ = {isa = PBXBuildFile; fileRef = 6128C53A2F9E4C7D00042206 /* TopNavigationBarView.swift */; };
		6128C5482F9E4C7D00042206 /* SampleAppApp.swift in Sources */ = {isa = PBXBuildFile; fileRef = 6128C5422F9E4C7D00042206 /* SampleAppApp.swift */; };
		6128C5492F9E4C7D00042206 /* ContentDataService.swift in Sources */ = {isa = PBXBuildFile; fileRef = 6128C5312F9E4C7D00042206 /* ContentDataService.swift */; };
		6128C54A2F9E4C7D00042206 /* ProfileViewModel.swift in Sources */ = {isa = PBXBuildFile; fileRef = 6128C5272F9E4C7D00042206 /* ProfileViewModel.swift */; };
		6128C54B2F9E4C7D00042206 /* HeroBannerView.swift in Sources */ = {isa = PBXBuildFile; fileRef = 6128C5382F9E4C7D00042206 /* HeroBannerView.swift */; };
		6128C54C2F9E4C7D00042206 /* ProfileLoadingView.swift in Sources */ = {isa = PBXBuildFile; fileRef = 6128C52B2F9E4C7D00042206 /* ProfileLoadingView.swift */; };
		6128C54D2F9E4C7D00042206 /* ProfileErrorView.swift in Sources */ = {isa = PBXBuildFile; fileRef = 6128C5292F9E4C7D00042206 /* ProfileErrorView.swift */; };
		6128C54E2F9E4C7D00042206 /* PoppingCardView.swift in Sources */ = {isa = PBXBuildFile; fileRef = 6128C5412F9E4C7D00042206 /* PoppingCardView.swift */; };
		6128C54F2F9E4C7D00042206 /* ContentSectionView.swift in Sources */ = {isa = PBXBuildFile; fileRef = 6128C5372F9E4C7D00042206 /* ContentSectionView.swift */; };
		6128C5502F9E4C7D00042206 /* User.swift in Sources */ = {isa = PBXBuildFile; fileRef = 6128C5232F9E4C7D00042206 /* User.swift */; };
		6128C5512F9E4C7D00042206 /* ContentLoadingView.swift in Sources */ = {isa = PBXBuildFile; fileRef = 6128C5362F9E4C7D00042206 /* ContentLoadingView.swift */; };
		6128C5522F9E4C7D00042206 /* ContentErrorView.swift in Sources */ = {isa = PBXBuildFile; fileRef = 6128C5352F9E4C7D00042206 /* ContentErrorView.swift */; };
		6128C5532F9E4C7D00042206 /* VideoTileView.swift in Sources */ = {isa = PBXBuildFile; fileRef = 6128C53B2F9E4C7D00042206 /* VideoTileView.swift */; };
		6128C5542F9E4C7D00042206 /* ContentViewModel.swift in Sources */ = {isa = PBXBuildFile; fileRef = 6128C5332F9E4C7D00042206 /* ContentViewModel.swift */; };
		6128C5552F9E4C7D00042206 /* ProfileStatsView.swift in Sources */ = {isa = PBXBuildFile; fileRef = 6128C52C2F9E4C7D00042206 /* ProfileStatsView.swift */; };
		6128C5562F9E4C7D00042206 /* HLSPlayerView.swift in Sources */ = {isa = PBXBuildFile; fileRef = 6128C53F2F9E4C7D00042206 /* HLSPlayerView.swift */; };
		6128C5572F9E4C7D00042206 /* VideoContent.swift in Sources */ = {isa = PBXBuildFile; fileRef = 6128C5212F9E4C7D00042206 /* VideoContent.swift */; };
		6128C5582F9E4C7D00042206 /* ProfileDataService.swift in Sources */ = {isa = PBXBuildFile; fileRef = 6128C5252F9E4C7D00042206 /* ProfileDataService.swift */; };
		6128C5592F9E4C7D00042206 /* HeroCarouselView.swift in Sources */ = {isa = PBXBuildFile; fileRef = 6128C5392F9E4C7D00042206 /* HeroCarouselView.swift */; };
		6128C55A2F9E4C7D00042206 /* SettingsSectionView.swift in Sources */ = {isa = PBXBuildFile; fileRef = 6128C52E2F9E4C7D00042206 /* SettingsSectionView.swift */; };
		6128C55C2F9E4C7D00042206 /* Assets.xcassets in Resources */ = {isa = PBXBuildFile; fileRef = 6128C53D2F9E4C7D00042206 /* Assets.xcassets */; };
		6128C55D2F9E4C7D00042206 /* SKILL.md in Resources */ = {isa = PBXBuildFile; fileRef = 6128C51D2F9E4C7D00042206 /* SKILL.md */; };
/* End PBXBuildFile section */

/* Begin PBXContainerItemProxy section */
		376F87FE2F7FA3E400955D91 /* PBXContainerItemProxy */ = {
			isa = PBXContainerItemProxy;
			containerPortal = 376F87E82F7FA3E200955D91 /* Project object */;
			proxyType = 1;
			remoteGlobalIDString = 376F87EF2F7FA3E200955D91;
			remoteInfo = SampleApp;
		};
		376F88082F7FA3E400955D91 /* PBXContainerItemProxy */ = {
			isa = PBXContainerItemProxy;
			containerPortal = 376F87E82F7FA3E200955D91 /* Project object */;
			proxyType = 1;
			remoteGlobalIDString = 376F87EF2F7FA3E200955D91;
			remoteInfo = SampleApp;
		};
		37BB87EA2F7FA3E200955D92 /* PBXContainerItemProxy */ = {
			isa = PBXContainerItemProxy;
			containerPortal = 37BB87E92F7FA3E200955D92 /* Player.xcodeproj */;
			proxyType = 2;
			remoteGlobalIDString = 379F6CF52F7F8B97003BC5C0;
			remoteInfo = Player;
		};
/* End PBXContainerItemProxy section */

/* Begin PBXFileReference section */
		376F87F02F7FA3E200955D91 /* SampleApp.app */ = {isa = PBXFileReference; explicitFileType = wrapper.application; includeInIndex = 0; path = SampleApp.app; sourceTree = BUILT_PRODUCTS_DIR; };
		376F87FD2F7FA3E400955D91 /* SampleAppTests.xctest */ = {isa = PBXFileReference; explicitFileType = wrapper.cfbundle; includeInIndex = 0; path = SampleAppTests.xctest; sourceTree = BUILT_PRODUCTS_DIR; };
		376F88072F7FA3E400955D91 /* SampleAppUITests.xctest */ = {isa = PBXFileReference; explicitFileType = wrapper.cfbundle; includeInIndex = 0; path = SampleAppUITests.xctest; sourceTree = BUILT_PRODUCTS_DIR; };
		37BB87E92F7FA3E200955D92 /* Player.xcodeproj */ = {isa = PBXFileReference; lastKnownFileType = "wrapper.pb-project"; name = Player.xcodeproj; path = ../Player/Player.xcodeproj; sourceTree = "<group>"; };
		6128C51D2F9E4C7D00042206 /* SKILL.md */ = {isa = PBXFileReference; lastKnownFileType = net.daringfireball.markdown; path = SKILL.md; sourceTree = "<group>"; };
		6128C5212F9E4C7D00042206 /* VideoContent.swift */ = {isa = PBXFileReference; lastKnownFileType = sourcecode.swift; path = VideoContent.swift; sourceTree = "<group>"; };
		6128C5232F9E4C7D00042206 /* User.swift */ = {isa = PBXFileReference; lastKnownFileType = sourcecode.swift; path = User.swift; sourceTree = "<group>"; };
		6128C5252F9E4C7D00042206 /* ProfileDataService.swift */ = {isa = PBXFileReference; lastKnownFileType = sourcecode.swift; path = ProfileDataService.swift; sourceTree = "<group>"; };
		6128C5272F9E4C7D00042206 /* ProfileViewModel.swift */ = {isa = PBXFileReference; lastKnownFileType = sourcecode.swift; path = ProfileViewModel.swift; sourceTree = "<group>"; };
		6128C5292F9E4C7D00042206 /* ProfileErrorView.swift */ = {isa = PBXFileReference; lastKnownFileType = sourcecode.swift; path = ProfileErrorView.swift; sourceTree = "<group>"; };
		6128C52A2F9E4C7D00042206 /* ProfileHeaderView.swift */ = {isa = PBXFileReference; lastKnownFileType = sourcecode.swift; path = ProfileHeaderView.swift; sourceTree = "<group>"; };
		6128C52B2F9E4C7D00042206 /* ProfileLoadingView.swift */ = {isa = PBXFileReference; lastKnownFileType = sourcecode.swift; path = ProfileLoadingView.swift; sourceTree = "<group>"; };
		6128C52C2F9E4C7D00042206 /* ProfileStatsView.swift */ = {isa = PBXFileReference; lastKnownFileType = sourcecode.swift; path = ProfileStatsView.swift; sourceTree = "<group>"; };
		6128C52D2F9E4C7D00042206 /* ProfileView.swift */ = {isa = PBXFileReference; lastKnownFileType = sourcecode.swift; path = ProfileView.swift; sourceTree = "<group>"; };
		6128C52E2F9E4C7D00042206 /* SettingsSectionView.swift */ = {isa = PBXFileReference; lastKnownFileType = sourcecode.swift; path = SettingsSectionView.swift; sourceTree = "<group>"; };
		6128C5312F9E4C7D00042206 /* ContentDataService.swift */ = {isa = PBXFileReference; lastKnownFileType = sourcecode.swift; path = ContentDataService.swift; sourceTree = "<group>"; };
		6128C5332F9E4C7D00042206 /* ContentViewModel.swift */ = {isa = PBXFileReference; lastKnownFileType = sourcecode.swift; path = ContentViewModel.swift; sourceTree = "<group>"; };
		6128C5352F9E4C7D00042206 /* ContentErrorView.swift */ = {isa = PBXFileReference; lastKnownFileType = sourcecode.swift; path = ContentErrorView.swift; sourceTree = "<group>"; };
		6128C5362F9E4C7D00042206 /* ContentLoadingView.swift */ = {isa = PBXFileReference; lastKnownFileType = sourcecode.swift; path = ContentLoadingView.swift; sourceTree = "<group>"; };
		6128C5372F9E4C7D00042206 /* ContentSectionView.swift */ = {isa = PBXFileReference; lastKnownFileType = sourcecode.swift; path = ContentSectionView.swift; sourceTree = "<group>"; };
		6128C5382F9E4C7D00042206 /* HeroBannerView.swift */ = {isa = PBXFileReference; lastKnownFileType = sourcecode.swift; path = HeroBannerView.swift; sourceTree = "<group>"; };
		6128C5392F9E4C7D00042206 /* HeroCarouselView.swift */ = {isa = PBXFileReference; lastKnownFileType = sourcecode.swift; path = HeroCarouselView.swift; sourceTree = "<group>"; };
		6128C53A2F9E4C7D00042206 /* TopNavigationBarView.swift */ = {isa = PBXFileReference; lastKnownFileType = sourcecode.swift; path = TopNavigationBarView.swift; sourceTree = "<group>"; };
		6128C53B2F9E4C7D00042206 /* VideoTileView.swift */ = {isa = PBXFileReference; lastKnownFileType = sourcecode.swift; path = VideoTileView.swift; sourceTree = "<group>"; };
		6128C53D2F9E4C7D00042206 /* Assets.xcassets */ = {isa = PBXFileReference; lastKnownFileType = folder.assetcatalog; path = Assets.xcassets; sourceTree = "<group>"; };
		6128C53E2F9E4C7D00042206 /* ContentView.swift */ = {isa = PBXFileReference; lastKnownFileType = sourcecode.swift; path = ContentView.swift; sourceTree = "<group>"; };
		6128C53F2F9E4C7D00042206 /* HLSPlayerView.swift */ = {isa = PBXFileReference; lastKnownFileType = sourcecode.swift; path = HLSPlayerView.swift; sourceTree = "<group>"; };
		6128C5402F9E4C7D00042206 /* Info.plist */ = {isa = PBXFileReference; lastKnownFileType = text.plist.xml; path = Info.plist; sourceTree = "<group>"; };
		6128C5412F9E4C7D00042206 /* PoppingCardView.swift */ = {isa = PBXFileReference; lastKnownFileType = sourcecode.swift; path = PoppingCardView.swift; sourceTree = "<group>"; };
		6128C5422F9E4C7D00042206 /* SampleAppApp.swift */ = {isa = PBXFileReference; lastKnownFileType = sourcecode.swift; path = SampleAppApp.swift; sourceTree = "<group>"; };
/* End PBXFileReference section */

/* Begin PBXFileSystemSynchronizedRootGroup section */
		376F88002F7FA3E400955D91 /* SampleAppTests */ = {
			isa = PBXFileSystemSynchronizedRootGroup;
			path = SampleAppTests;
			sourceTree = "<group>";
		};
		376F880A2F7FA3E400955D91 /* SampleAppUITests */ = {
			isa = PBXFileSystemSynchronizedRootGroup;
			path = SampleAppUITests;
			sourceTree = "<group>";
		};
/* End PBXFileSystemSynchronizedRootGroup section */

/* Begin PBXFrameworksBuildPhase section */
		376F87ED2F7FA3E200955D91 /* Frameworks */ = {
			isa = PBXFrameworksBuildPhase;
			buildActionMask = 2147483647;
			files = (
				37BB87EC2F7FA3E200955D92 /* Player.framework in Frameworks */,
			);
			runOnlyForDeploymentPostprocessing = 0;
		};
		376F87FA2F7FA3E400955D91 /* Frameworks */ = {
			isa = PBXFrameworksBuildPhase;
			buildActionMask = 2147483647;
			files = (
			);
			runOnlyForDeploymentPostprocessing = 0;
		};
		376F88042F7FA3E400955D91 /* Frameworks */ = {
			isa = PBXFrameworksBuildPhase;
			buildActionMask = 2147483647;
			files = (
			);
			runOnlyForDeploymentPostprocessing = 0;
		};
/* End PBXFrameworksBuildPhase section */

/* Begin PBXGroup section */
		376F87E72F7FA3E200955D91 = {
			isa = PBXGroup;
			children = (
				6128C5432F9E4C7D00042206 /* SampleApp */,
				376F88002F7FA3E400955D91 /* SampleAppTests */,
				376F880A2F7FA3E400955D91 /* SampleAppUITests */,
				37BB87E92F7FA3E200955D92 /* Player.xcodeproj */,
				376F87F12F7FA3E200955D91 /* Products */,
			);
			sourceTree = "<group>";
		};
		376F87F12F7FA3E200955D91 /* Products */ = {
			isa = PBXGroup;
			children = (
				376F87F02F7FA3E200955D91 /* SampleApp.app */,
				376F87FD2F7FA3E400955D91 /* SampleAppTests.xctest */,
				376F88072F7FA3E400955D91 /* SampleAppUITests.xctest */,
			);
			name = Products;
			sourceTree = "<group>";
		};
		37BB87EE2F7FA3E200955D92 /* Products */ = {
			isa = PBXGroup;
			children = (
				37BB87EB2F7FA3E200955D92 /* Player.framework */,
			);
			name = Products;
			sourceTree = "<group>";
		};
		6128C51E2F9E4C7D00042206 /* poping-card */ = {
			isa = PBXGroup;
			children = (
				6128C51D2F9E4C7D00042206 /* SKILL.md */,
			);
			path = "poping-card";
			sourceTree = "<group>";
		};
		6128C51F2F9E4C7D00042206 /* skills */ = {
			isa = PBXGroup;
			children = (
				6128C51E2F9E4C7D00042206 /* poping-card */,
			);
			path = skills;
			sourceTree = "<group>";
		};
		6128C5202F9E4C7D00042206 /* .github */ = {
			isa = PBXGroup;
			children = (
				6128C51F2F9E4C7D00042206 /* skills */,
			);
			path = .github;
			sourceTree = "<group>";
		};
		6128C5222F9E4C7D00042206 /* Models */ = {
			isa = PBXGroup;
			children = (
				6128C5212F9E4C7D00042206 /* VideoContent.swift */,
			);
			path = Models;
			sourceTree = "<group>";
		};
		6128C5242F9E4C7D00042206 /* Models */ = {
			isa = PBXGroup;
			children = (
				6128C5232F9E4C7D00042206 /* User.swift */,
			);
			path = Models;
			sourceTree = "<group>";
		};
		6128C5262F9E4C7D00042206 /* Services */ = {
			isa = PBXGroup;
			children = (
				6128C5252F9E4C7D00042206 /* ProfileDataService.swift */,
			);
			path = Services;
			sourceTree = "<group>";
		};
		6128C5282F9E4C7D00042206 /* ViewModels */ = {
			isa = PBXGroup;
			children = (
				6128C5272F9E4C7D00042206 /* ProfileViewModel.swift */,
			);
			path = ViewModels;
			sourceTree = "<group>";
		};
		6128C52F2F9E4C7D00042206 /* Views */ = {
			isa = PBXGroup;
			children = (
				6128C5292F9E4C7D00042206 /* ProfileErrorView.swift */,
				6128C52A2F9E4C7D00042206 /* ProfileHeaderView.swift */,
				6128C52B2F9E4C7D00042206 /* ProfileLoadingView.swift */,
				6128C52C2F9E4C7D00042206 /* ProfileStatsView.swift */,
				6128C52D2F9E4C7D00042206 /* ProfileView.swift */,
				6128C52E2F9E4C7D00042206 /* SettingsSectionView.swift */,
			);
			path = Views;
			sourceTree = "<group>";
		};
		6128C5302F9E4C7D00042206 /* Profile */ = {
			isa = PBXGroup;
			children = (
				6128C5242F9E4C7D00042206 /* Models */,
				6128C5262F9E4C7D00042206 /* Services */,
				6128C5282F9E4C7D00042206 /* ViewModels */,
				6128C52F2F9E4C7D00042206 /* Views */,
			);
			path = Profile;
			sourceTree = "<group>";
		};
		6128C5322F9E4C7D00042206 /* Services */ = {
			isa = PBXGroup;
			children = (
				6128C5312F9E4C7D00042206 /* ContentDataService.swift */,
			);
			path = Services;
			sourceTree = "<group>";
		};
		6128C5342F9E4C7D00042206 /* ViewModels */ = {
			isa = PBXGroup;
			children = (
				6128C5332F9E4C7D00042206 /* ContentViewModel.swift */,
			);
			path = ViewModels;
			sourceTree = "<group>";
		};
		6128C53C2F9E4C7D00042206 /* Views */ = {
			isa = PBXGroup;
			children = (
				6128C5352F9E4C7D00042206 /* ContentErrorView.swift */,
				6128C5362F9E4C7D00042206 /* ContentLoadingView.swift */,
				6128C5372F9E4C7D00042206 /* ContentSectionView.swift */,
				6128C5382F9E4C7D00042206 /* HeroBannerView.swift */,
				6128C5392F9E4C7D00042206 /* HeroCarouselView.swift */,
				6128C53A2F9E4C7D00042206 /* TopNavigationBarView.swift */,
				6128C53B2F9E4C7D00042206 /* VideoTileView.swift */,
			);
			path = Views;
			sourceTree = "<group>";
		};
		6128C5432F9E4C7D00042206 /* SampleApp */ = {
			isa = PBXGroup;
			children = (
				6128C5202F9E4C7D00042206 /* .github */,
				6128C5222F9E4C7D00042206 /* Models */,
				6128C5302F9E4C7D00042206 /* Profile */,
				6128C5322F9E4C7D00042206 /* Services */,
				6128C5342F9E4C7D00042206 /* ViewModels */,
				6128C53C2F9E4C7D00042206 /* Views */,
				6128C53D2F9E4C7D00042206 /* Assets.xcassets */,
				6128C53E2F9E4C7D00042206 /* ContentView.swift */,
				6128C53F2F9E4C7D00042206 /* HLSPlayerView.swift */,
				6128C5402F9E4C7D00042206 /* Info.plist */,
				6128C5412F9E4C7D00042206 /* PoppingCardView.swift */,
				6128C5422F9E4C7D00042206 /* SampleAppApp.swift */,
			);
			path = SampleApp;
			sourceTree = "<group>";
		};
/* End PBXGroup section */

/* Begin PBXNativeTarget section */
		376F87EF2F7FA3E200955D91 /* SampleApp */ = {
			isa = PBXNativeTarget;
			buildConfigurationList = 376F88112F7FA3E400955D91 /* Build configuration list for PBXNativeTarget "SampleApp" */;
			buildPhases = (
				376F87EC2F7FA3E200955D91 /* Sources */,
				376F87ED2F7FA3E200955D91 /* Frameworks */,
				376F87EE2F7FA3E200955D91 /* Resources */,
			);
			buildRules = (
			);
			dependencies = (
			);
			name = SampleApp;
			packageProductDependencies = (
			);
			productName = SampleApp;
			productReference = 376F87F02F7FA3E200955D91 /* SampleApp.app */;
			productType = "com.apple.product-type.application";
		};
		376F87FC2F7FA3E400955D91 /* SampleAppTests */ = {
			isa = PBXNativeTarget;
			buildConfigurationList = 376F88142F7FA3E400955D91 /* Build configuration list for PBXNativeTarget "SampleAppTests" */;
			buildPhases = (
				376F87F92F7FA3E400955D91 /* Sources */,
				376F87FA2F7FA3E400955D91 /* Frameworks */,
				376F87FB2F7FA3E400955D91 /* Resources */,
			);
			buildRules = (
			);
			dependencies = (
				376F87FF2F7FA3E400955D91 /* PBXTargetDependency */,
			);
			fileSystemSynchronizedGroups = (
				376F88002F7FA3E400955D91 /* SampleAppTests */,
			);
			name = SampleAppTests;
			packageProductDependencies = (
			);
			productName = SampleAppTests;
			productReference = 376F87FD2F7FA3E400955D91 /* SampleAppTests.xctest */;
			productType = "com.apple.product-type.bundle.unit-test";
		};
		376F88062F7FA3E400955D91 /* SampleAppUITests */ = {
			isa = PBXNativeTarget;
			buildConfigurationList = 376F88172F7FA3E400955D91 /* Build configuration list for PBXNativeTarget "SampleAppUITests" */;
			buildPhases = (
				376F88032F7FA3E400955D91 /* Sources */,
				376F88042F7FA3E400955D91 /* Frameworks */,
				376F88052F7FA3E400955D91 /* Resources */,
			);
			buildRules = (
			);
			dependencies = (
				376F88092F7FA3E400955D91 /* PBXTargetDependency */,
			);
			fileSystemSynchronizedGroups = (
				376F880A2F7FA3E400955D91 /* SampleAppUITests */,
			);
			name = SampleAppUITests;
			packageProductDependencies = (
			);
			productName = SampleAppUITests;
			productReference = 376F88072F7FA3E400955D91 /* SampleAppUITests.xctest */;
			productType = "com.apple.product-type.bundle.ui-testing";
		};
/* End PBXNativeTarget section */

/* Begin PBXProject section */
		376F87E82F7FA3E200955D91 /* Project object */ = {
			isa = PBXProject;
			attributes = {
				BuildIndependentTargetsInParallel = 1;
				LastSwiftUpdateCheck = 2630;
				LastUpgradeCheck = 2630;
				TargetAttributes = {
					376F87EF2F7FA3E200955D91 = {
						CreatedOnToolsVersion = 26.3;
					};
					376F87FC2F7FA3E400955D91 = {
						CreatedOnToolsVersion = 26.3;
						TestTargetID = 376F87EF2F7FA3E200955D91;
					};
					376F88062F7FA3E400955D91 = {
						CreatedOnToolsVersion = 26.3;
						TestTargetID = 376F87EF2F7FA3E200955D91;
					};
				};
			};
			buildConfigurationList = 376F87EB2F7FA3E200955D91 /* Build configuration list for PBXProject "SampleApp" */;
			developmentRegion = en;
			hasScannedForEncodings = 0;
			knownRegions = (
				en,
				Base,
			);
			mainGroup = 376F87E72F7FA3E200955D91;
			minimizedProjectReferenceProxies = 1;
			preferredProjectObjectVersion = 77;
			productRefGroup = 376F87F12F7FA3E200955D91 /* Products */;
			projectDirPath = "";
			projectReferences = (
				{
					ProductGroup = 37BB87EE2F7FA3E200955D92 /* Products */;
					ProjectRef = 37BB87E92F7FA3E200955D92 /* Player.xcodeproj */;
				},
			);
			projectRoot = "";
			targets = (
				376F87EF2F7FA3E200955D91 /* SampleApp */,
				376F87FC2F7FA3E400955D91 /* SampleAppTests */,
				376F88062F7FA3E400955D91 /* SampleAppUITests */,
			);
		};
/* End PBXProject section */

/* Begin PBXReferenceProxy section */
		37BB87EB2F7FA3E200955D92 /* Player.framework */ = {
			isa = PBXReferenceProxy;
			fileType = wrapper.framework;
			path = Player.framework;
			remoteRef = 37BB87EA2F7FA3E200955D92 /* PBXContainerItemProxy */;
			sourceTree = BUILT_PRODUCTS_DIR;
		};
/* End PBXReferenceProxy section */

/* Begin PBXResourcesBuildPhase section */
		376F87EE2F7FA3E200955D91 /* Resources */ = {
			isa = PBXResourcesBuildPhase;
			buildActionMask = 2147483647;
			files = (
				6128C55C2F9E4C7D00042206 /* Assets.xcassets in Resources */,
				6128C55D2F9E4C7D00042206 /* SKILL.md in Resources */,
			);
			runOnlyForDeploymentPostprocessing = 0;
		};
		376F87FB2F7FA3E400955D91 /* Resources */ = {
			isa = PBXResourcesBuildPhase;
			buildActionMask = 2147483647;
			files = (
			);
			runOnlyForDeploymentPostprocessing = 0;
		};
		376F88052F7FA3E400955D91 /* Resources */ = {
			isa = PBXResourcesBuildPhase;
			buildActionMask = 2147483647;
			files = (
			);
			runOnlyForDeploymentPostprocessing = 0;
		};
/* End PBXResourcesBuildPhase section */

/* Begin PBXSourcesBuildPhase section */
		376F87EC2F7FA3E200955D91 /* Sources */ = {
			isa = PBXSourcesBuildPhase;
			buildActionMask = 2147483647;
			files = (
				6128C5442F9E4C7D00042206 /* ContentView.swift in Sources */,
				6128C5452F9E4C7D00042206 /* ProfileHeaderView.swift in Sources */,
				6128C5462F9E4C7D00042206 /* ProfileView.swift in Sources */,
				6128C5472F9E4C7D00042206 /* TopNavigationBarView.swift in Sources */,
				6128C5482F9E4C7D00042206 /* SampleAppApp.swift in Sources */,
				6128C5492F9E4C7D00042206 /* ContentDataService.swift in Sources */,
				6128C54A2F9E4C7D00042206 /* ProfileViewModel.swift in Sources */,
				6128C54B2F9E4C7D00042206 /* HeroBannerView.swift in Sources */,
				6128C54C2F9E4C7D00042206 /* ProfileLoadingView.swift in Sources */,
				6128C54D2F9E4C7D00042206 /* ProfileErrorView.swift in Sources */,
				6128C54E2F9E4C7D00042206 /* PoppingCardView.swift in Sources */,
				6128C54F2F9E4C7D00042206 /* ContentSectionView.swift in Sources */,
				6128C5502F9E4C7D00042206 /* User.swift in Sources */,
				6128C5512F9E4C7D00042206 /* ContentLoadingView.swift in Sources */,
				6128C5522F9E4C7D00042206 /* ContentErrorView.swift in Sources */,
				6128C5532F9E4C7D00042206 /* VideoTileView.swift in Sources */,
				6128C5542F9E4C7D00042206 /* ContentViewModel.swift in Sources */,
				6128C5552F9E4C7D00042206 /* ProfileStatsView.swift in Sources */,
				6128C5562F9E4C7D00042206 /* HLSPlayerView.swift in Sources */,
				6128C5572F9E4C7D00042206 /* VideoContent.swift in Sources */,
				6128C5582F9E4C7D00042206 /* ProfileDataService.swift in Sources */,
				6128C5592F9E4C7D00042206 /* HeroCarouselView.swift in Sources */,
				6128C55A2F9E4C7D00042206 /* SettingsSectionView.swift in Sources */,
			);
			runOnlyForDeploymentPostprocessing = 0;
		};
		376F87F92F7FA3E400955D91 /* Sources */ = {
			isa = PBXSourcesBuildPhase;
			buildActionMask = 2147483647;
			files = (
			);
			runOnlyForDeploymentPostprocessing = 0;
		};
		376F88032F7FA3E400955D91 /* Sources */ = {
			isa = PBXSourcesBuildPhase;
			buildActionMask = 2147483647;
			files = (
			);
			runOnlyForDeploymentPostprocessing = 0;
		};
/* End PBXSourcesBuildPhase section */

/* Begin PBXTargetDependency section */
		376F87FF2F7FA3E400955D91 /* PBXTargetDependency */ = {
			isa = PBXTargetDependency;
			target = 376F87EF2F7FA3E200955D91 /* SampleApp */;
			targetProxy = 376F87FE2F7FA3E400955D91 /* PBXContainerItemProxy */;
		};
		376F88092F7FA3E400955D91 /* PBXTargetDependency */ = {
			isa = PBXTargetDependency;
			target = 376F87EF2F7FA3E200955D91 /* SampleApp */;
			targetProxy = 376F88082F7FA3E400955D91 /* PBXContainerItemProxy */;
		};
/* End PBXTargetDependency section */

/* Begin XCBuildConfiguration section */
		376F880F2F7FA3E400955D91 /* Debug */ = {
			isa = XCBuildConfiguration;
			buildSettings = {
				ALWAYS_SEARCH_USER_PATHS = NO;
				ASSETCATALOG_COMPILER_GENERATE_SWIFT_ASSET_SYMBOL_EXTENSIONS = YES;
				CLANG_ANALYZER_NONNULL = YES;
				CLANG_ANALYZER_NUMBER_OBJECT_CONVERSION = YES_AGGRESSIVE;
				CLANG_CXX_LANGUAGE_STANDARD = "gnu++20";
				CLANG_ENABLE_MODULES = YES;
				CLANG_ENABLE_OBJC_ARC = YES;
				CLANG_ENABLE_OBJC_WEAK = YES;
				CLANG_WARN_BLOCK_CAPTURE_AUTORELEASING = YES;
				CLANG_WARN_BOOL_CONVERSION = YES;
				CLANG_WARN_COMMA = YES;
				CLANG_WARN_CONSTANT_CONVERSION = YES;
				CLANG_WARN_DEPRECATED_OBJC_IMPLEMENTATIONS = YES;
				CLANG_WARN_DIRECT_OBJC_ISA_USAGE = YES_ERROR;
				CLANG_WARN_DOCUMENTATION_COMMENTS = YES;
				CLANG_WARN_EMPTY_BODY = YES;
				CLANG_WARN_ENUM_CONVERSION = YES;
				CLANG_WARN_INFINITE_RECURSION = YES;
				CLANG_WARN_INT_CONVERSION = YES;
				CLANG_WARN_NON_LITERAL_NULL_CONVERSION = YES;
				CLANG_WARN_OBJC_IMPLICIT_RETAIN_SELF = YES;
				CLANG_WARN_OBJC_LITERAL_CONVERSION = YES;
				CLANG_WARN_OBJC_ROOT_CLASS = YES_ERROR;
				CLANG_WARN_QUOTED_INCLUDE_IN_FRAMEWORK_HEADER = YES;
				CLANG_WARN_RANGE_LOOP_ANALYSIS = YES;
				CLANG_WARN_STRICT_PROTOTYPES = YES;
				CLANG_WARN_SUSPICIOUS_MOVE = YES;
				CLANG_WARN_UNGUARDED_AVAILABILITY = YES_AGGRESSIVE;
				CLANG_WARN_UNREACHABLE_CODE = YES;
				CLANG_WARN__DUPLICATE_METHOD_MATCH = YES;
				COPY_PHASE_STRIP = NO;
				DEBUG_INFORMATION_FORMAT = dwarf;
				ENABLE_STRICT_OBJC_MSGSEND = YES;
				ENABLE_TESTABILITY = YES;
				ENABLE_USER_SCRIPT_SANDBOXING = YES;
				GCC_C_LANGUAGE_STANDARD = gnu17;
				GCC_DYNAMIC_NO_PIC = NO;
				GCC_NO_COMMON_BLOCKS = YES;
				GCC_OPTIMIZATION_LEVEL = 0;
				GCC_PREPROCESSOR_DEFINITIONS = (
					"DEBUG=1",
					"$(inherited)",
				);
				GCC_WARN_64_TO_32_BIT_CONVERSION = YES;
				GCC_WARN_ABOUT_RETURN_TYPE = YES_ERROR;
				GCC_WARN_UNDECLARED_SELECTOR = YES;
				GCC_WARN_UNINITIALIZED_AUTOS = YES_AGGRESSIVE;
				GCC_WARN_UNUSED_FUNCTION = YES;
				GCC_WARN_UNUSED_VARIABLE = YES;
				IPHONEOS_DEPLOYMENT_TARGET = 26.2;
				LOCALIZATION_PREFERS_STRING_CATALOGS = YES;
				MTL_ENABLE_DEBUG_INFO = INCLUDE_SOURCE;
				MTL_FAST_MATH = YES;
				ONLY_ACTIVE_ARCH = YES;
				SDKROOT = iphoneos;
				SWIFT_ACTIVE_COMPILATION_CONDITIONS = "DEBUG $(inherited)";
				SWIFT_OPTIMIZATION_LEVEL = "-Onone";
			};
			name = Debug;
		};
		376F88102F7FA3E400955D91 /* Release */ = {
			isa = XCBuildConfiguration;
			buildSettings = {
				ALWAYS_SEARCH_USER_PATHS = NO;
				ASSETCATALOG_COMPILER_GENERATE_SWIFT_ASSET_SYMBOL_EXTENSIONS = YES;
				CLANG_ANALYZER_NONNULL = YES;
				CLANG_ANALYZER_NUMBER_OBJECT_CONVERSION = YES_AGGRESSIVE;
				CLANG_CXX_LANGUAGE_STANDARD = "gnu++20";
				CLANG_ENABLE_MODULES = YES;
				CLANG_ENABLE_OBJC_ARC = YES;
				CLANG_ENABLE_OBJC_WEAK = YES;
				CLANG_WARN_BLOCK_CAPTURE_AUTORELEASING = YES;
				CLANG_WARN_BOOL_CONVERSION = YES;
				CLANG_WARN_COMMA = YES;
				CLANG_WARN_CONSTANT_CONVERSION = YES;
				CLANG_WARN_DEPRECATED_OBJC_IMPLEMENTATIONS = YES;
				CLANG_WARN_DIRECT_OBJC_ISA_USAGE = YES_ERROR;
				CLANG_WARN_DOCUMENTATION_COMMENTS = YES;
				CLANG_WARN_EMPTY_BODY = YES;
				CLANG_WARN_ENUM_CONVERSION = YES;
				CLANG_WARN_INFINITE_RECURSION = YES;
				CLANG_WARN_INT_CONVERSION = YES;
				CLANG_WARN_NON_LITERAL_NULL_CONVERSION = YES;
				CLANG_WARN_OBJC_IMPLICIT_RETAIN_SELF = YES;
				CLANG_WARN_OBJC_LITERAL_CONVERSION = YES;
				CLANG_WARN_OBJC_ROOT_CLASS = YES_ERROR;
				CLANG_WARN_QUOTED_INCLUDE_IN_FRAMEWORK_HEADER = YES;
				CLANG_WARN_RANGE_LOOP_ANALYSIS = YES;
				CLANG_WARN_STRICT_PROTOTYPES = YES;
				CLANG_WARN_SUSPICIOUS_MOVE = YES;
				CLANG_WARN_UNGUARDED_AVAILABILITY = YES_AGGRESSIVE;
				CLANG_WARN_UNREACHABLE_CODE = YES;
				CLANG_WARN__DUPLICATE_METHOD_MATCH = YES;
				COPY_PHASE_STRIP = NO;
				DEBUG_INFORMATION_FORMAT = "dwarf-with-dsym";
				ENABLE_NS_ASSERTIONS = NO;
				ENABLE_STRICT_OBJC_MSGSEND = YES;
				ENABLE_USER_SCRIPT_SANDBOXING = YES;
				GCC_C_LANGUAGE_STANDARD = gnu17;
				GCC_NO_COMMON_BLOCKS = YES;
				GCC_WARN_64_TO_32_BIT_CONVERSION = YES;
				GCC_WARN_ABOUT_RETURN_TYPE = YES_ERROR;
				GCC_WARN_UNDECLARED_SELECTOR = YES;
				GCC_WARN_UNINITIALIZED_AUTOS = YES_AGGRESSIVE;
				GCC_WARN_UNUSED_FUNCTION = YES;
				GCC_WARN_UNUSED_VARIABLE = YES;
				IPHONEOS_DEPLOYMENT_TARGET = 26.2;
				LOCALIZATION_PREFERS_STRING_CATALOGS = YES;
				MTL_ENABLE_DEBUG_INFO = NO;
				MTL_FAST_MATH = YES;
				SDKROOT = iphoneos;
				SWIFT_COMPILATION_MODE = wholemodule;
				VALIDATE_PRODUCT = YES;
			};
			name = Release;
		};
		376F88122F7FA3E400955D91 /* Debug */ = {
			isa = XCBuildConfiguration;
			buildSettings = {
				ASSETCATALOG_COMPILER_APPICON_NAME = AppIcon;
				ASSETCATALOG_COMPILER_GLOBAL_ACCENT_COLOR_NAME = AccentColor;
				CODE_SIGN_STYLE = Automatic;
				CURRENT_PROJECT_VERSION = 1;
				DEVELOPMENT_TEAM = "";
				DONT_GENERATE_INFOPLIST_FILE = YES;
				ENABLE_PREVIEWS = YES;
				GENERATE_INFOPLIST_FILE = YES;
				INFOPLIST_FILE = SampleApp/Info.plist;
				INFOPLIST_KEY_NSAppTransportSecurity_NSAllowsArbitraryLoads = YES;
				INFOPLIST_KEY_UIApplicationSceneManifest_Generation = YES;
				INFOPLIST_KEY_UIApplicationSupportsIndirectInputEvents = YES;
				INFOPLIST_KEY_UILaunchScreen_Generation = YES;
				INFOPLIST_KEY_UISupportedInterfaceOrientations_iPad = "UIInterfaceOrientationPortrait UIInterfaceOrientationPortraitUpsideDown UIInterfaceOrientationLandscapeLeft UIInterfaceOrientationLandscapeRight";
				INFOPLIST_KEY_UISupportedInterfaceOrientations_iPhone = "UIInterfaceOrientationPortrait UIInterfaceOrientationLandscapeLeft UIInterfaceOrientationLandscapeRight";
				LD_RUNPATH_SEARCH_PATHS = (
					"$(inherited)",
					"@executable_path/Frameworks",
				);
				MARKETING_VERSION = 1.0;
				PRODUCT_BUNDLE_IDENTIFIER = com.mahesh.SampleApp;
				PRODUCT_NAME = "$(TARGET_NAME)";
				STRING_CATALOG_GENERATE_SYMBOLS = YES;
				SWIFT_APPROACHABLE_CONCURRENCY = YES;
				SWIFT_DEFAULT_ACTOR_ISOLATION = MainActor;
				SWIFT_EMIT_LOC_STRINGS = YES;
				SWIFT_UPCOMING_FEATURE_MEMBER_IMPORT_VISIBILITY = YES;
				SWIFT_VERSION = 5.0;
				TARGETED_DEVICE_FAMILY = "1,2";
			};
			name = Debug;
		};
		376F88132F7FA3E400955D91 /* Release */ = {
			isa = XCBuildConfiguration;
			buildSettings = {
				ASSETCATALOG_COMPILER_APPICON_NAME = AppIcon;
				ASSETCATALOG_COMPILER_GLOBAL_ACCENT_COLOR_NAME = AccentColor;
				CODE_SIGN_STYLE = Automatic;
				CURRENT_PROJECT_VERSION = 1;
				DEVELOPMENT_TEAM = "";
				DONT_GENERATE_INFOPLIST_FILE = YES;
				ENABLE_PREVIEWS = YES;
				GENERATE_INFOPLIST_FILE = YES;
				INFOPLIST_FILE = SampleApp/Info.plist;
				INFOPLIST_KEY_NSAppTransportSecurity_NSAllowsArbitraryLoads = YES;
				INFOPLIST_KEY_UIApplicationSceneManifest_Generation = YES;
				INFOPLIST_KEY_UIApplicationSupportsIndirectInputEvents = YES;
				INFOPLIST_KEY_UILaunchScreen_Generation = YES;
				INFOPLIST_KEY_UISupportedInterfaceOrientations_iPad = "UIInterfaceOrientationPortrait UIInterfaceOrientationPortraitUpsideDown UIInterfaceOrientationLandscapeLeft UIInterfaceOrientationLandscapeRight";
				INFOPLIST_KEY_UISupportedInterfaceOrientations_iPhone = "UIInterfaceOrientationPortrait UIInterfaceOrientationLandscapeLeft UIInterfaceOrientationLandscapeRight";
				LD_RUNPATH_SEARCH_PATHS = (
					"$(inherited)",
					"@executable_path/Frameworks",
				);
				MARKETING_VERSION = 1.0;
				PRODUCT_BUNDLE_IDENTIFIER = com.mahesh.SampleApp;
				PRODUCT_NAME = "$(TARGET_NAME)";
				STRING_CATALOG_GENERATE_SYMBOLS = YES;
				SWIFT_APPROACHABLE_CONCURRENCY = YES;
				SWIFT_DEFAULT_ACTOR_ISOLATION = MainActor;
				SWIFT_EMIT_LOC_STRINGS = YES;
				SWIFT_UPCOMING_FEATURE_MEMBER_IMPORT_VISIBILITY = YES;
				SWIFT_VERSION = 5.0;
				TARGETED_DEVICE_FAMILY = "1,2";
			};
			name = Release;
		};
		376F88152F7FA3E400955D91 /* Debug */ = {
			isa = XCBuildConfiguration;
			buildSettings = {
				BUNDLE_LOADER = "$(TEST_HOST)";
				CODE_SIGN_STYLE = Automatic;
				CURRENT_PROJECT_VERSION = 1;
				GENERATE_INFOPLIST_FILE = YES;
				IPHONEOS_DEPLOYMENT_TARGET = 26.2;
				MARKETING_VERSION = 1.0;
				PRODUCT_BUNDLE_IDENTIFIER = com.mahesh.SampleAppTests;
				PRODUCT_NAME = "$(TARGET_NAME)";
				STRING_CATALOG_GENERATE_SYMBOLS = NO;
				SWIFT_APPROACHABLE_CONCURRENCY = YES;
				SWIFT_EMIT_LOC_STRINGS = NO;
				SWIFT_UPCOMING_FEATURE_MEMBER_IMPORT_VISIBILITY = YES;
				SWIFT_VERSION = 5.0;
				TARGETED_DEVICE_FAMILY = "1,2";
				TEST_HOST = "$(BUILT_PRODUCTS_DIR)/SampleApp.app/$(BUNDLE_EXECUTABLE_FOLDER_PATH)/SampleApp";
			};
			name = Debug;
		};
		376F88162F7FA3E400955D91 /* Release */ = {
			isa = XCBuildConfiguration;
			buildSettings = {
				BUNDLE_LOADER = "$(TEST_HOST)";
				CODE_SIGN_STYLE = Automatic;
				CURRENT_PROJECT_VERSION = 1;
				GENERATE_INFOPLIST_FILE = YES;
				IPHONEOS_DEPLOYMENT_TARGET = 26.2;
				MARKETING_VERSION = 1.0;
				PRODUCT_BUNDLE_IDENTIFIER = com.mahesh.SampleAppTests;
				PRODUCT_NAME = "$(TARGET_NAME)";
				STRING_CATALOG_GENERATE_SYMBOLS = NO;
				SWIFT_APPROACHABLE_CONCURRENCY = YES;
				SWIFT_EMIT_LOC_STRINGS = NO;
				SWIFT_UPCOMING_FEATURE_MEMBER_IMPORT_VISIBILITY = YES;
				SWIFT_VERSION = 5.0;
				TARGETED_DEVICE_FAMILY = "1,2";
				TEST_HOST = "$(BUILT_PRODUCTS_DIR)/SampleApp.app/$(BUNDLE_EXECUTABLE_FOLDER_PATH)/SampleApp";
			};
			name = Release;
		};
		376F88182F7FA3E400955D91 /* Debug */ = {
			isa = XCBuildConfiguration;
			buildSettings = {
				CODE_SIGN_STYLE = Automatic;
				CURRENT_PROJECT_VERSION = 1;
				DONT_GENERATE_INFOPLIST_FILE = YES;
				GENERATE_INFOPLIST_FILE = YES;
				MARKETING_VERSION = 1.0;
				PRODUCT_BUNDLE_IDENTIFIER = com.mahesh.SampleAppUITests;
				PRODUCT_NAME = "$(TARGET_NAME)";
				STRING_CATALOG_GENERATE_SYMBOLS = NO;
				SWIFT_APPROACHABLE_CONCURRENCY = YES;
				SWIFT_EMIT_LOC_STRINGS = NO;
				SWIFT_UPCOMING_FEATURE_MEMBER_IMPORT_VISIBILITY = YES;
				SWIFT_VERSION = 5.0;
				TARGETED_DEVICE_FAMILY = "1,2";
				TEST_TARGET_NAME = SampleApp;
			};
			name = Debug;
		};
		376F88192F7FA3E400955D91 /* Release */ = {
			isa = XCBuildConfiguration;
			buildSettings = {
				CODE_SIGN_STYLE = Automatic;
				CURRENT_PROJECT_VERSION = 1;
				DONT_GENERATE_INFOPLIST_FILE = YES;
				GENERATE_INFOPLIST_FILE = YES;
				MARKETING_VERSION = 1.0;
				PRODUCT_BUNDLE_IDENTIFIER = com.mahesh.SampleAppUITests;
				PRODUCT_NAME = "$(TARGET_NAME)";
				STRING_CATALOG_GENERATE_SYMBOLS = NO;
				SWIFT_APPROACHABLE_CONCURRENCY = YES;
				SWIFT_EMIT_LOC_STRINGS = NO;
				SWIFT_UPCOMING_FEATURE_MEMBER_IMPORT_VISIBILITY = YES;
				SWIFT_VERSION = 5.0;
				TARGETED_DEVICE_FAMILY = "1,2";
				TEST_TARGET_NAME = SampleApp;
			};
			name = Release;
		};
/* End XCBuildConfiguration section */

/* Begin XCConfigurationList section */
		376F87EB2F7FA3E200955D91 /* Build configuration list for PBXProject "SampleApp" */ = {
			isa = XCConfigurationList;
			buildConfigurations = (
				376F880F2F7FA3E400955D91 /* Debug */,
				376F88102F7FA3E400955D91 /* Release */,
			);
			defaultConfigurationIsVisible = 0;
			defaultConfigurationName = Release;
		};
		376F88112F7FA3E400955D91 /* Build configuration list for PBXNativeTarget "SampleApp" */ = {
			isa = XCConfigurationList;
			buildConfigurations = (
				376F88122F7FA3E400955D91 /* Debug */,
				376F88132F7FA3E400955D91 /* Release */,
			);
			defaultConfigurationIsVisible = 0;
			defaultConfigurationName = Release;
		};
		376F88142F7FA3E400955D91 /* Build configuration list for PBXNativeTarget "SampleAppTests" */ = {
			isa = XCConfigurationList;
			buildConfigurations = (
				376F88152F7FA3E400955D91 /* Debug */,
				376F88162F7FA3E400955D91 /* Release */,
			);
			defaultConfigurationIsVisible = 0;
			defaultConfigurationName = Release;
		};
		376F88172F7FA3E400955D91 /* Build configuration list for PBXNativeTarget "SampleAppUITests" */ = {
			isa = XCConfigurationList;
			buildConfigurations = (
				376F88182F7FA3E400955D91 /* Debug */,
				376F88192F7FA3E400955D91 /* Release */,
			);
			defaultConfigurationIsVisible = 0;
			defaultConfigurationName = Release;
		};
/* End XCConfigurationList section */
	};
	rootObject = 376F87E82F7FA3E200955D91 /* Project object */;
}
